
Microsoft Visual Studio Solution File, Format Version 12.00
# Visual Studio Version 17
VisualStudioVersion = 17.8.34309.116
MinimumVisualStudioVersion = 10.0.40219.1
Project("{FAE04EC0-301F-11D3-BF4B-00C04F79EFBC}") = "CalculationEngine", "CalculationEngine\CalculationEngine.csproj", "{930FD348-9CAE-485C-AA78-AFF9B80F6E2D}"
EndProject
Project("{FAE04EC0-301F-11D3-BF4B-00C04F79EFBC}") = "CalculationEngineUnitTests", "CalculationEngineUnitTests\CalculationEngineUnitTests.csproj", "{AE7090A9-5EC6-42FC-B6D1-4F70180347D9}"
EndProject
Global
	GlobalSection(SolutionConfigurationPlatforms) = preSolution
		Debug|Any CPU = Debug|Any CPU
		Release|Any CPU = Release|Any CPU
	EndGlobalSection
	GlobalSection(ProjectConfigurationPlatforms) = postSolution
		{930FD348-9CAE-485C-AA78-AFF9B80F6E2D}.Debug|Any CPU.ActiveCfg = Debug|Any CPU
		{930FD348-9CAE-485C-AA78-AFF9B80F6E2D}.Debug|Any CPU.Build.0 = Debug|Any CPU
		{930FD348-9CAE-485C-AA78-AFF9B80F6E2D}.Release|Any CPU.ActiveCfg = Release|Any CPU
		{930FD348-9CAE-485C-AA78-AFF9B80F6E2D}.Release|Any CPU.Build.0 = Release|Any CPU
		{AE7090A9-5EC6-42FC-B6D1-4F70180347D9}.Debug|Any CPU.ActiveCfg = Debug|Any CPU
		{AE7090A9-5EC6-42FC-B6D1-4F70180347D9}.Debug|Any CPU.Build.0 = Debug|Any CPU
		{AE7090A9-5EC6-42FC-B6D1-4F70180347D9}.Release|Any CPU.ActiveCfg = Release|Any CPU
		{AE7090A9-5EC6-42FC-B6D1-4F70180347D9}.Release|Any CPU.Build.0 = Release|Any CPU
	EndGlobalSection
	GlobalSection(SolutionProperties) = preSolution
		HideSolutionNode = FALSE
	EndGlobalSection
	GlobalSection(ExtensibilityGlobals) = postSolution
		SolutionGuid = {9A4B31F6-26ED-44CB-BD95-C3FABD4E70E3}
	EndGlobalSection
EndGlobal
